
Microsoft Visual Studio Solution File, Format Version 12.00
# Visual Studio Version 17
VisualStudioVersion = 17.11.35222.181
MinimumVisualStudioVersion = 10.0.40219.1
Project("{FAE04EC0-301F-11D3-BF4B-00C04F79EFBC}") = "sistemadeAcoes", "sistemadeAcoes\sistemadeAcoes.csproj", "{B0686F8D-F520-455C-9591-37E1A560B887}"
EndProject
Global
	GlobalSection(SolutionConfigurationPlatforms) = preSolution
		Debug|Any CPU = Debug|Any CPU
		Release|Any CPU = Release|Any CPU
	EndGlobalSection
	GlobalSection(ProjectConfigurationPlatforms) = postSolution
		{B0686F8D-F520-455C-9591-37E1A560B887}.Debug|Any CPU.ActiveCfg = Debug|Any CPU
		{B0686F8D-F520-455C-9591-37E1A560B887}.Debug|Any CPU.Build.0 = Debug|Any CPU
		{B0686F8D-F520-455C-9591-37E1A560B887}.Release|Any CPU.ActiveCfg = Release|Any CPU
		{B0686F8D-F520-455C-9591-37E1A560B887}.Release|Any CPU.Build.0 = Release|Any CPU
	EndGlobalSection
	GlobalSection(SolutionProperties) = preSolution
		HideSolutionNode = FALSE
	EndGlobalSection
	GlobalSection(ExtensibilityGlobals) = postSolution
		SolutionGuid = {EE4348EA-D7EA-4EBC-983D-D5AF99F92082}
	EndGlobalSection
EndGlobal
